
Microsoft Visual Studio Solution File, Format Version 12.00
# Visual Studio 15
VisualStudioVersion = 15.0.27428.2011
MinimumVisualStudioVersion = 10.0.40219.1
Project("{FAE04EC0-301F-11D3-BF4B-00C04F79EFBC}") = "QuodConsig.Service", "QuodConsig.Service\QuodConsig.Service.csproj", "{DAC1C29E-578C-45BA-AE97-822B3F30DBC7}"
EndProject
Global
	GlobalSection(SolutionConfigurationPlatforms) = preSolution
		Debug|Any CPU = Debug|Any CPU
		Release|Any CPU = Release|Any CPU
	EndGlobalSection
	GlobalSection(ProjectConfigurationPlatforms) = postSolution
		{DAC1C29E-578C-45BA-AE97-822B3F30DBC7}.Debug|Any CPU.ActiveCfg = Debug|Any CPU
		{DAC1C29E-578C-45BA-AE97-822B3F30DBC7}.Debug|Any CPU.Build.0 = Debug|Any CPU
		{DAC1C29E-578C-45BA-AE97-822B3F30DBC7}.Release|Any CPU.ActiveCfg = Release|Any CPU
		{DAC1C29E-578C-45BA-AE97-822B3F30DBC7}.Release|Any CPU.Build.0 = Release|Any CPU
	EndGlobalSection
	GlobalSection(SolutionProperties) = preSolution
		HideSolutionNode = FALSE
	EndGlobalSection
	GlobalSection(ExtensibilityGlobals) = postSolution
		SolutionGuid = {8381C956-7EE4-444C-94B4-C8155EE38A16}
	EndGlobalSection
EndGlobal
